
Microsoft Visual Studio Solution File, Format Version 12.00
# Visual Studio Version 17
VisualStudioVersion = 17.9.34714.143
MinimumVisualStudioVersion = 10.0.40219.1
Project("{9A19103F-16F7-4668-BE54-9A1E7A4F7556}") = "BlazorApp", "BlazorApp\BlazorApp.csproj", "{F012F291-4C82-4181-B436-814001C0E0E5}"
EndProject
Project("{9A19103F-16F7-4668-BE54-9A1E7A4F7556}") = "BlazorApp.Api", "BlazorApp.Api\BlazorApp.Api.csproj", "{900F8F0E-7D89-4721-A87E-0028D6259EDB}"
EndProject
Project("{FAE04EC0-301F-11D3-BF4B-00C04F79EFBC}") = "BlazorApp.Client", "BlazorApp.Client\BlazorApp.Client.csproj", "{973FCBC1-B284-4D19-BB4F-83B10ECCB1E0}"
EndProject
Global
	GlobalSection(SolutionConfigurationPlatforms) = preSolution
		Debug|Any CPU = Debug|Any CPU
		Release|Any CPU = Release|Any CPU
	EndGlobalSection
	GlobalSection(ProjectConfigurationPlatforms) = postSolution
		{F012F291-4C82-4181-B436-814001C0E0E5}.Debug|Any CPU.ActiveCfg = Debug|Any CPU
		{F012F291-4C82-4181-B436-814001C0E0E5}.Debug|Any CPU.Build.0 = Debug|Any CPU
		{F012F291-4C82-4181-B436-814001C0E0E5}.Release|Any CPU.ActiveCfg = Release|Any CPU
		{F012F291-4C82-4181-B436-814001C0E0E5}.Release|Any CPU.Build.0 = Release|Any CPU
		{900F8F0E-7D89-4721-A87E-0028D6259EDB}.Debug|Any CPU.ActiveCfg = Debug|Any CPU
		{900F8F0E-7D89-4721-A87E-0028D6259EDB}.Debug|Any CPU.Build.0 = Debug|Any CPU
		{900F8F0E-7D89-4721-A87E-0028D6259EDB}.Release|Any CPU.ActiveCfg = Release|Any CPU
		{900F8F0E-7D89-4721-A87E-0028D6259EDB}.Release|Any CPU.Build.0 = Release|Any CPU
		{973FCBC1-B284-4D19-BB4F-83B10ECCB1E0}.Debug|Any CPU.ActiveCfg = Debug|Any CPU
		{973FCBC1-B284-4D19-BB4F-83B10ECCB1E0}.Debug|Any CPU.Build.0 = Debug|Any CPU
		{973FCBC1-B284-4D19-BB4F-83B10ECCB1E0}.Release|Any CPU.ActiveCfg = Release|Any CPU
		{973FCBC1-B284-4D19-BB4F-83B10ECCB1E0}.Release|Any CPU.Build.0 = Release|Any CPU
	EndGlobalSection
	GlobalSection(SolutionProperties) = preSolution
		HideSolutionNode = FALSE
	EndGlobalSection
	GlobalSection(ExtensibilityGlobals) = postSolution
		SolutionGuid = {D981E36B-34A9-4CAE-A607-F0CB01426602}
	EndGlobalSection
EndGlobal
